// !$*UTF8*$!
{
	archiveVersion = 1;
	classes = {
	};
	objectVersion = 46;
	objects = {

/* Begin PBXBuildFile section */
		3D890BC6C08E23073B39F57D /* libPods.a in Frameworks */ = {isa = PBXBuildFile; fileRef = 8B36A6E39E5161B6C0BA1130 /* libPods.a */; };
		9B69BE4E1C120BB700841D12 /* main.m in Sources */ = {isa = PBXBuildFile; fileRef = 9B69BE4D1C120BB700841D12 /* main.m */; };
		9B69BE511C120BB700841D12 /* AppDelegate.m in Sources */ = {isa = PBXBuildFile; fileRef = 9B69BE501C120BB700841D12 /* AppDelegate.m */; };
		9B69BE5D1C120BB700841D12 /* Main.storyboard in Resources */ = {isa = PBXBuildFile; fileRef = 9B69BE5B1C120BB700841D12 /* Main.storyboard */; };
		9B69BE5F1C120BB700841D12 /* Assets.xcassets in Resources */ = {isa = PBXBuildFile; fileRef = 9B69BE5E1C120BB700841D12 /* Assets.xcassets */; };
		9B69BE621C120BB700841D12 /* LaunchScreen.storyboard in Resources */ = {isa = PBXBuildFile; fileRef = 9B69BE601C120BB700841D12 /* LaunchScreen.storyboard */; };
		9BAD32F31C125E3E0073581E /* SearchResult.m in Sources */ = {isa = PBXBuildFile; fileRef = 9BAD32F21C125E3E0073581E /* SearchResult.m */; };
		9BAD32F71C125FA00073581E /* SearchCell.m in Sources */ = {isa = PBXBuildFile; fileRef = 9BAD32F51C125FA00073581E /* SearchCell.m */; };
		9BAD32F81C125FA00073581E /* SearchCell.xib in Resources */ = {isa = PBXBuildFile; fileRef = 9BAD32F61C125FA00073581E /* SearchCell.xib */; };
		9BAD32FB1C12898A0073581E /* UIColor+MQ.m in Sources */ = {isa = PBXBuildFile; fileRef = 9BAD32FA1C12898A0073581E /* UIColor+MQ.m */; };
		9BAF60DC1C120FB10018ECF1 /* SearchViewController.m in Sources */ = {isa = PBXBuildFile; fileRef = 9BAF60DB1C120FB10018ECF1 /* SearchViewController.m */; };
		9BAF60E31C1212E50018ECF1 /* QueueCell.m in Sources */ = {isa = PBXBuildFile; fileRef = 9BAF60E11C1212E50018ECF1 /* QueueCell.m */; };
		9BAF60E41C1212E50018ECF1 /* QueueCell.xib in Resources */ = {isa = PBXBuildFile; fileRef = 9BAF60E21C1212E50018ECF1 /* QueueCell.xib */; };
		9BAF60E71C1218630018ECF1 /* Song.m in Sources */ = {isa = PBXBuildFile; fileRef = 9BAF60E61C1218630018ECF1 /* Song.m */; };
		9BAF60EA1C1227470018ECF1 /* MQNetworkManager.m in Sources */ = {isa = PBXBuildFile; fileRef = 9BAF60E91C1227470018ECF1 /* MQNetworkManager.m */; };
		9BAF60ED1C1228A00018ECF1 /* MQModule.m in Sources */ = {isa = PBXBuildFile; fileRef = 9BAF60EC1C1228A00018ECF1 /* MQModule.m */; };
		9BAF60F01C12292B0018ECF1 /* MQDataModule.m in Sources */ = {isa = PBXBuildFile; fileRef = 9BAF60EF1C12292B0018ECF1 /* MQDataModule.m */; };
		9BAF60F31C122B2D0018ECF1 /* MQSessionManager.m in Sources */ = {isa = PBXBuildFile; fileRef = 9BAF60F21C122B2D0018ECF1 /* MQSessionManager.m */; };
		9BAF60F61C122B770018ECF1 /* MQConstants.m in Sources */ = {isa = PBXBuildFile; fileRef = 9BAF60F51C122B770018ECF1 /* MQConstants.m */; };
		9BAF60F91C122D6B0018ECF1 /* MQBaseModel.m in Sources */ = {isa = PBXBuildFile; fileRef = 9BAF60F81C122D6B0018ECF1 /* MQBaseModel.m */; };
		9BAF60FC1C1250950018ECF1 /* QueueViewController.m in Sources */ = {isa = PBXBuildFile; fileRef = 9BAF60FB1C1250950018ECF1 /* QueueViewController.m */; };
/* End PBXBuildFile section */

/* Begin PBXFileReference section */
		76169F97B8E8CD08901343B3 /* Pods.debug.xcconfig */ = {isa = PBXFileReference; includeInIndex = 1; lastKnownFileType = text.xcconfig; name = Pods.debug.xcconfig; path = "Pods/Target Support Files/Pods/Pods.debug.xcconfig"; sourceTree = "<group>"; };
		8B36A6E39E5161B6C0BA1130 /* libPods.a */ = {isa = PBXFileReference; explicitFileType = archive.ar; includeInIndex = 0; path = libPods.a; sourceTree = BUILT_PRODUCTS_DIR; };
		9B69BE491C120BB700841D12 /* Jukebox.app */ = {isa = PBXFileReference; explicitFileType = wrapper.application; includeInIndex = 0; path = Jukebox.app; sourceTree = BUILT_PRODUCTS_DIR; };
		9B69BE4D1C120BB700841D12 /* main.m */ = {isa = PBXFileReference; lastKnownFileType = sourcecode.c.objc; path = main.m; sourceTree = "<group>"; };
		9B69BE4F1C120BB700841D12 /* AppDelegate.h */ = {isa = PBXFileReference; lastKnownFileType = sourcecode.c.h; path = AppDelegate.h; sourceTree = "<group>"; };
		9B69BE501C120BB700841D12 /* AppDelegate.m */ = {isa = PBXFileReference; lastKnownFileType = sourcecode.c.objc; path = AppDelegate.m; sourceTree = "<group>"; };
		9B69BE5C1C120BB700841D12 /* Base */ = {isa = PBXFileReference; lastKnownFileType = file.storyboard; name = Base; path = Base.lproj/Main.storyboard; sourceTree = "<group>"; };
		9B69BE5E1C120BB700841D12 /* Assets.xcassets */ = {isa = PBXFileReference; lastKnownFileType = folder.assetcatalog; path = Assets.xcassets; sourceTree = "<group>"; };
		9B69BE611C120BB700841D12 /* Base */ = {isa = PBXFileReference; lastKnownFileType = file.storyboard; name = Base; path = Base.lproj/LaunchScreen.storyboard; sourceTree = "<group>"; };
		9B69BE631C120BB700841D12 /* Info.plist */ = {isa = PBXFileReference; lastKnownFileType = text.plist.xml; path = Info.plist; sourceTree = "<group>"; };
		9BAD32F11C125E3E0073581E /* SearchResult.h */ = {isa = PBXFileReference; fileEncoding = 4; lastKnownFileType = sourcecode.c.h; path = SearchResult.h; sourceTree = "<group>"; };
		9BAD32F21C125E3E0073581E /* SearchResult.m */ = {isa = PBXFileReference; fileEncoding = 4; lastKnownFileType = sourcecode.c.objc; path = SearchResult.m; sourceTree = "<group>"; };
		9BAD32F41C125FA00073581E /* SearchCell.h */ = {isa = PBXFileReference; fileEncoding = 4; lastKnownFileType = sourcecode.c.h; path = SearchCell.h; sourceTree = "<group>"; };
		9BAD32F51C125FA00073581E /* SearchCell.m */ = {isa = PBXFileReference; fileEncoding = 4; lastKnownFileType = sourcecode.c.objc; path = SearchCell.m; sourceTree = "<group>"; };
		9BAD32F61C125FA00073581E /* SearchCell.xib */ = {isa = PBXFileReference; fileEncoding = 4; lastKnownFileType = file.xib; path = SearchCell.xib; sourceTree = "<group>"; };
		9BAD32F91C12898A0073581E /* UIColor+MQ.h */ = {isa = PBXFileReference; fileEncoding = 4; lastKnownFileType = sourcecode.c.h; path = "UIColor+MQ.h"; sourceTree = "<group>"; };
		9BAD32FA1C12898A0073581E /* UIColor+MQ.m */ = {isa = PBXFileReference; fileEncoding = 4; lastKnownFileType = sourcecode.c.objc; path = "UIColor+MQ.m"; sourceTree = "<group>"; };
		9BAF60DA1C120FB10018ECF1 /* SearchViewController.h */ = {isa = PBXFileReference; fileEncoding = 4; lastKnownFileType = sourcecode.c.h; lineEnding = 0; path = SearchViewController.h; sourceTree = "<group>"; xcLanguageSpecificationIdentifier = xcode.lang.objcpp; };
		9BAF60DB1C120FB10018ECF1 /* SearchViewController.m */ = {isa = PBXFileReference; fileEncoding = 4; lastKnownFileType = sourcecode.c.objc; lineEnding = 0; path = SearchViewController.m; sourceTree = "<group>"; xcLanguageSpecificationIdentifier = xcode.lang.objc; };
		9BAF60E01C1212E50018ECF1 /* QueueCell.h */ = {isa = PBXFileReference; fileEncoding = 4; lastKnownFileType = sourcecode.c.h; path = QueueCell.h; sourceTree = "<group>"; };
		9BAF60E11C1212E50018ECF1 /* QueueCell.m */ = {isa = PBXFileReference; fileEncoding = 4; lastKnownFileType = sourcecode.c.objc; path = QueueCell.m; sourceTree = "<group>"; };
		9BAF60E21C1212E50018ECF1 /* QueueCell.xib */ = {isa = PBXFileReference; fileEncoding = 4; lastKnownFileType = file.xib; path = QueueCell.xib; sourceTree = "<group>"; };
		9BAF60E51C1218630018ECF1 /* Song.h */ = {isa = PBXFileReference; fileEncoding = 4; lastKnownFileType = sourcecode.c.h; path = Song.h; sourceTree = "<group>"; };
		9BAF60E61C1218630018ECF1 /* Song.m */ = {isa = PBXFileReference; fileEncoding = 4; lastKnownFileType = sourcecode.c.objc; path = Song.m; sourceTree = "<group>"; };
		9BAF60E81C1227470018ECF1 /* MQNetworkManager.h */ = {isa = PBXFileReference; fileEncoding = 4; lastKnownFileType = sourcecode.c.h; path = MQNetworkManager.h; sourceTree = "<group>"; };
		9BAF60E91C1227470018ECF1 /* MQNetworkManager.m */ = {isa = PBXFileReference; fileEncoding = 4; lastKnownFileType = sourcecode.c.objc; path = MQNetworkManager.m; sourceTree = "<group>"; };
		9BAF60EB1C1228A00018ECF1 /* MQModule.h */ = {isa = PBXFileReference; fileEncoding = 4; lastKnownFileType = sourcecode.c.h; path = MQModule.h; sourceTree = "<group>"; };
		9BAF60EC1C1228A00018ECF1 /* MQModule.m */ = {isa = PBXFileReference; fileEncoding = 4; lastKnownFileType = sourcecode.c.objc; path = MQModule.m; sourceTree = "<group>"; };
		9BAF60EE1C12292B0018ECF1 /* MQDataModule.h */ = {isa = PBXFileReference; fileEncoding = 4; lastKnownFileType = sourcecode.c.h; path = MQDataModule.h; sourceTree = "<group>"; };
		9BAF60EF1C12292B0018ECF1 /* MQDataModule.m */ = {isa = PBXFileReference; fileEncoding = 4; lastKnownFileType = sourcecode.c.objc; path = MQDataModule.m; sourceTree = "<group>"; };
		9BAF60F11C122B2D0018ECF1 /* MQSessionManager.h */ = {isa = PBXFileReference; fileEncoding = 4; lastKnownFileType = sourcecode.c.h; path = MQSessionManager.h; sourceTree = "<group>"; };
		9BAF60F21C122B2D0018ECF1 /* MQSessionManager.m */ = {isa = PBXFileReference; fileEncoding = 4; lastKnownFileType = sourcecode.c.objc; path = MQSessionManager.m; sourceTree = "<group>"; };
		9BAF60F41C122B770018ECF1 /* MQConstants.h */ = {isa = PBXFileReference; fileEncoding = 4; lastKnownFileType = sourcecode.c.h; path = MQConstants.h; sourceTree = "<group>"; };
		9BAF60F51C122B770018ECF1 /* MQConstants.m */ = {isa = PBXFileReference; fileEncoding = 4; lastKnownFileType = sourcecode.c.objc; path = MQConstants.m; sourceTree = "<group>"; };
		9BAF60F71C122D6B0018ECF1 /* MQBaseModel.h */ = {isa = PBXFileReference; fileEncoding = 4; lastKnownFileType = sourcecode.c.h; path = MQBaseModel.h; sourceTree = "<group>"; };
		9BAF60F81C122D6B0018ECF1 /* MQBaseModel.m */ = {isa = PBXFileReference; fileEncoding = 4; lastKnownFileType = sourcecode.c.objc; path = MQBaseModel.m; sourceTree = "<group>"; };
		9BAF60FA1C1250950018ECF1 /* QueueViewController.h */ = {isa = PBXFileReference; fileEncoding = 4; lastKnownFileType = sourcecode.c.h; path = QueueViewController.h; sourceTree = "<group>"; };
		9BAF60FB1C1250950018ECF1 /* QueueViewController.m */ = {isa = PBXFileReference; fileEncoding = 4; lastKnownFileType = sourcecode.c.objc; path = QueueViewController.m; sourceTree = "<group>"; };
		E2F2C5988155495D838A6562 /* Pods.release.xcconfig */ = {isa = PBXFileReference; includeInIndex = 1; lastKnownFileType = text.xcconfig; name = Pods.release.xcconfig; path = "Pods/Target Support Files/Pods/Pods.release.xcconfig"; sourceTree = "<group>"; };
/* End PBXFileReference section */

/* Begin PBXFrameworksBuildPhase section */
		9B69BE461C120BB700841D12 /* Frameworks */ = {
			isa = PBXFrameworksBuildPhase;
			buildActionMask = 2147483647;
			files = (
				3D890BC6C08E23073B39F57D /* libPods.a in Frameworks */,
			);
			runOnlyForDeploymentPostprocessing = 0;
		};
/* End PBXFrameworksBuildPhase section */

/* Begin PBXGroup section */
		9B69BE401C120BB700841D12 = {
			isa = PBXGroup;
			children = (
				9B69BE4B1C120BB700841D12 /* Jukebox */,
				9B69BE4A1C120BB700841D12 /* Products */,
				F8A5D0054EF4CAB5F90AFB1E /* Pods */,
				F1DC6A304A04AAFFEF25439D /* Frameworks */,
			);
			sourceTree = "<group>";
		};
		9B69BE4A1C120BB700841D12 /* Products */ = {
			isa = PBXGroup;
			children = (
				9B69BE491C120BB700841D12 /* Jukebox.app */,
			);
			name = Products;
			sourceTree = "<group>";
		};
		9B69BE4B1C120BB700841D12 /* Jukebox */ = {
			isa = PBXGroup;
			children = (
				9B69BE4F1C120BB700841D12 /* AppDelegate.h */,
				9BAF60E01C1212E50018ECF1 /* QueueCell.h */,
				9BAF60E11C1212E50018ECF1 /* QueueCell.m */,
				9BAF60E21C1212E50018ECF1 /* QueueCell.xib */,
				9B69BE501C120BB700841D12 /* AppDelegate.m */,
				9B69BE5B1C120BB700841D12 /* Main.storyboard */,
				9B69BE5E1C120BB700841D12 /* Assets.xcassets */,
				9B69BE601C120BB700841D12 /* LaunchScreen.storyboard */,
				9B69BE631C120BB700841D12 /* Info.plist */,
				9B69BE4C1C120BB700841D12 /* Supporting Files */,
				9BAF60DA1C120FB10018ECF1 /* SearchViewController.h */,
				9BAF60DB1C120FB10018ECF1 /* SearchViewController.m */,
				9BAF60E51C1218630018ECF1 /* Song.h */,
				9BAF60E61C1218630018ECF1 /* Song.m */,
				9BAF60E81C1227470018ECF1 /* MQNetworkManager.h */,
				9BAF60E91C1227470018ECF1 /* MQNetworkManager.m */,
				9BAF60EB1C1228A00018ECF1 /* MQModule.h */,
				9BAF60EC1C1228A00018ECF1 /* MQModule.m */,
				9BAF60EE1C12292B0018ECF1 /* MQDataModule.h */,
				9BAF60EF1C12292B0018ECF1 /* MQDataModule.m */,
				9BAF60F11C122B2D0018ECF1 /* MQSessionManager.h */,
				9BAF60F21C122B2D0018ECF1 /* MQSessionManager.m */,
				9BAF60F41C122B770018ECF1 /* MQConstants.h */,
				9BAF60F51C122B770018ECF1 /* MQConstants.m */,
				9BAF60F71C122D6B0018ECF1 /* MQBaseModel.h */,
				9BAF60F81C122D6B0018ECF1 /* MQBaseModel.m */,
				9BAF60FA1C1250950018ECF1 /* QueueViewController.h */,
				9BAF60FB1C1250950018ECF1 /* QueueViewController.m */,
				9BAD32F11C125E3E0073581E /* SearchResult.h */,
				9BAD32F21C125E3E0073581E /* SearchResult.m */,
				9BAD32F41C125FA00073581E /* SearchCell.h */,
				9BAD32F51C125FA00073581E /* SearchCell.m */,
				9BAD32F61C125FA00073581E /* SearchCell.xib */,
				9BAD32F91C12898A0073581E /* UIColor+MQ.h */,
				9BAD32FA1C12898A0073581E /* UIColor+MQ.m */,
			);
			path = Jukebox;
			sourceTree = "<group>";
		};
		9B69BE4C1C120BB700841D12 /* Supporting Files */ = {
			isa = PBXGroup;
			children = (
				9B69BE4D1C120BB700841D12 /* main.m */,
			);
			name = "Supporting Files";
			sourceTree = "<group>";
		};
		F1DC6A304A04AAFFEF25439D /* Frameworks */ = {
			isa = PBXGroup;
			children = (
				8B36A6E39E5161B6C0BA1130 /* libPods.a */,
			);
			name = Frameworks;
			sourceTree = "<group>";
		};
		F8A5D0054EF4CAB5F90AFB1E /* Pods */ = {
			isa = PBXGroup;
			children = (
				76169F97B8E8CD08901343B3 /* Pods.debug.xcconfig */,
				E2F2C5988155495D838A6562 /* Pods.release.xcconfig */,
			);
			name = Pods;
			sourceTree = "<group>";
		};
/* End PBXGroup section */

/* Begin PBXNativeTarget section */
		9B69BE481C120BB700841D12 /* Jukebox */ = {
			isa = PBXNativeTarget;
			buildConfigurationList = 9B69BE661C120BB700841D12 /* Build configuration list for PBXNativeTarget "Jukebox" */;
			buildPhases = (
				1526EE0E932354F40BF6EB17 /* Check Pods Manifest.lock */,
				9B69BE451C120BB700841D12 /* Sources */,
				9B69BE461C120BB700841D12 /* Frameworks */,
				9B69BE471C120BB700841D12 /* Resources */,
				52DD3C59335F8F87D358B112 /* Embed Pods Frameworks */,
				963C4F25498BA19913BBFE60 /* Copy Pods Resources */,
			);
			buildRules = (
			);
			dependencies = (
			);
			name = Jukebox;
			productName = Jukebox;
			productReference = 9B69BE491C120BB700841D12 /* Jukebox.app */;
			productType = "com.apple.product-type.application";
		};
/* End PBXNativeTarget section */

/* Begin PBXProject section */
		9B69BE411C120BB700841D12 /* Project object */ = {
			isa = PBXProject;
			attributes = {
				LastUpgradeCheck = 0710;
				ORGANIZATIONNAME = Pivotal;
				TargetAttributes = {
					9B69BE481C120BB700841D12 = {
						CreatedOnToolsVersion = 7.1.1;
					};
				};
			};
			buildConfigurationList = 9B69BE441C120BB700841D12 /* Build configuration list for PBXProject "Jukebox" */;
			compatibilityVersion = "Xcode 3.2";
			developmentRegion = English;
			hasScannedForEncodings = 0;
			knownRegions = (
				en,
				Base,
			);
			mainGroup = 9B69BE401C120BB700841D12;
			productRefGroup = 9B69BE4A1C120BB700841D12 /* Products */;
			projectDirPath = "";
			projectRoot = "";
			targets = (
				9B69BE481C120BB700841D12 /* Jukebox */,
			);
		};
/* End PBXProject section */

/* Begin PBXResourcesBuildPhase section */
		9B69BE471C120BB700841D12 /* Resources */ = {
			isa = PBXResourcesBuildPhase;
			buildActionMask = 2147483647;
			files = (
				9BAD32F81C125FA00073581E /* SearchCell.xib in Resources */,
				9B69BE621C120BB700841D12 /* LaunchScreen.storyboard in Resources */,
				9B69BE5F1C120BB700841D12 /* Assets.xcassets in Resources */,
				9B69BE5D1C120BB700841D12 /* Main.storyboard in Resources */,
				9BAF60E41C1212E50018ECF1 /* QueueCell.xib in Resources */,
			);
			runOnlyForDeploymentPostprocessing = 0;
		};
/* End PBXResourcesBuildPhase section */

/* Begin PBXShellScriptBuildPhase section */
		1526EE0E932354F40BF6EB17 /* Check Pods Manifest.lock */ = {
			isa = PBXShellScriptBuildPhase;
			buildActionMask = 2147483647;
			files = (
			);
			inputPaths = (
			);
			name = "Check Pods Manifest.lock";
			outputPaths = (
			);
			runOnlyForDeploymentPostprocessing = 0;
			shellPath = /bin/sh;
			shellScript = "diff \"${PODS_ROOT}/../Podfile.lock\" \"${PODS_ROOT}/Manifest.lock\" > /dev/null\nif [[ $? != 0 ]] ; then\n    cat << EOM\nerror: The sandbox is not in sync with the Podfile.lock. Run 'pod install' or update your CocoaPods installation.\nEOM\n    exit 1\nfi\n";
			showEnvVarsInLog = 0;
		};
		52DD3C59335F8F87D358B112 /* Embed Pods Frameworks */ = {
			isa = PBXShellScriptBuildPhase;
			buildActionMask = 2147483647;
			files = (
			);
			inputPaths = (
			);
			name = "Embed Pods Frameworks";
			outputPaths = (
			);
			runOnlyForDeploymentPostprocessing = 0;
			shellPath = /bin/sh;
			shellScript = "\"${SRCROOT}/Pods/Target Support Files/Pods/Pods-frameworks.sh\"\n";
			showEnvVarsInLog = 0;
		};
		963C4F25498BA19913BBFE60 /* Copy Pods Resources */ = {
			isa = PBXShellScriptBuildPhase;
			buildActionMask = 2147483647;
			files = (
			);
			inputPaths = (
			);
			name = "Copy Pods Resources";
			outputPaths = (
			);
			runOnlyForDeploymentPostprocessing = 0;
			shellPath = /bin/sh;
			shellScript = "\"${SRCROOT}/Pods/Target Support Files/Pods/Pods-resources.sh\"\n";
			showEnvVarsInLog = 0;
		};
/* End PBXShellScriptBuildPhase section */

/* Begin PBXSourcesBuildPhase section */
		9B69BE451C120BB700841D12 /* Sources */ = {
			isa = PBXSourcesBuildPhase;
			buildActionMask = 2147483647;
			files = (
				9BAD32F31C125E3E0073581E /* SearchResult.m in Sources */,
				9BAF60FC1C1250950018ECF1 /* QueueViewController.m in Sources */,
				9BAD32FB1C12898A0073581E /* UIColor+MQ.m in Sources */,
				9BAF60E71C1218630018ECF1 /* Song.m in Sources */,
				9BAD32F71C125FA00073581E /* SearchCell.m in Sources */,
				9BAF60DC1C120FB10018ECF1 /* SearchViewController.m in Sources */,
				9BAF60EA1C1227470018ECF1 /* MQNetworkManager.m in Sources */,
				9B69BE511C120BB700841D12 /* AppDelegate.m in Sources */,
				9B69BE4E1C120BB700841D12 /* main.m in Sources */,
				9BAF60E31C1212E50018ECF1 /* QueueCell.m in Sources */,
				9BAF60ED1C1228A00018ECF1 /* MQModule.m in Sources */,
				9BAF60F61C122B770018ECF1 /* MQConstants.m in Sources */,
				9BAF60F01C12292B0018ECF1 /* MQDataModule.m in Sources */,
				9BAF60F31C122B2D0018ECF1 /* MQSessionManager.m in Sources */,
				9BAF60F91C122D6B0018ECF1 /* MQBaseModel.m in Sources */,
			);
			runOnlyForDeploymentPostprocessing = 0;
		};
/* End PBXSourcesBuildPhase section */

/* Begin PBXVariantGroup section */
		9B69BE5B1C120BB700841D12 /* Main.storyboard */ = {
			isa = PBXVariantGroup;
			children = (
				9B69BE5C1C120BB700841D12 /* Base */,
			);
			name = Main.storyboard;
			sourceTree = "<group>";
		};
		9B69BE601C120BB700841D12 /* LaunchScreen.storyboard */ = {
			isa = PBXVariantGroup;
			children = (
				9B69BE611C120BB700841D12 /* Base */,
			);
			name = LaunchScreen.storyboard;
			sourceTree = "<group>";
		};
/* End PBXVariantGroup section */

/* Begin XCBuildConfiguration section */
		9B69BE641C120BB700841D12 /* Debug */ = {
			isa = XCBuildConfiguration;
			buildSettings = {
				ALWAYS_SEARCH_USER_PATHS = NO;
				CLANG_CXX_LANGUAGE_STANDARD = "gnu++0x";
				CLANG_CXX_LIBRARY = "libc++";
				CLANG_ENABLE_MODULES = YES;
				CLANG_ENABLE_OBJC_ARC = YES;
				CLANG_WARN_BOOL_CONVERSION = YES;
				CLANG_WARN_CONSTANT_CONVERSION = YES;
				CLANG_WARN_DIRECT_OBJC_ISA_USAGE = YES_ERROR;
				CLANG_WARN_EMPTY_BODY = YES;
				CLANG_WARN_ENUM_CONVERSION = YES;
				CLANG_WARN_INT_CONVERSION = YES;
				CLANG_WARN_OBJC_ROOT_CLASS = YES_ERROR;
				CLANG_WARN_UNREACHABLE_CODE = YES;
				CLANG_WARN__DUPLICATE_METHOD_MATCH = YES;
				"CODE_SIGN_IDENTITY[sdk=iphoneos*]" = "iPhone Developer";
				COPY_PHASE_STRIP = NO;
				DEBUG_INFORMATION_FORMAT = dwarf;
				ENABLE_STRICT_OBJC_MSGSEND = YES;
				ENABLE_TESTABILITY = YES;
				GCC_C_LANGUAGE_STANDARD = gnu99;
				GCC_DYNAMIC_NO_PIC = NO;
				GCC_NO_COMMON_BLOCKS = YES;
				GCC_OPTIMIZATION_LEVEL = 0;
				GCC_PREPROCESSOR_DEFINITIONS = (
					"DEBUG=1",
					"$(inherited)",
				);
				GCC_WARN_64_TO_32_BIT_CONVERSION = YES;
				GCC_WARN_ABOUT_RETURN_TYPE = YES_ERROR;
				GCC_WARN_UNDECLARED_SELECTOR = YES;
				GCC_WARN_UNINITIALIZED_AUTOS = YES_AGGRESSIVE;
				GCC_WARN_UNUSED_FUNCTION = YES;
				GCC_WARN_UNUSED_VARIABLE = YES;
				IPHONEOS_DEPLOYMENT_TARGET = 9.1;
				MTL_ENABLE_DEBUG_INFO = YES;
				ONLY_ACTIVE_ARCH = YES;
				SDKROOT = iphoneos;
			};
			name = Debug;
		};
		9B69BE651C120BB700841D12 /* Release */ = {
			isa = XCBuildConfiguration;
			buildSettings = {
				ALWAYS_SEARCH_USER_PATHS = NO;
				CLANG_CXX_LANGUAGE_STANDARD = "gnu++0x";
				CLANG_CXX_LIBRARY = "libc++";
				CLANG_ENABLE_MODULES = YES;
				CLANG_ENABLE_OBJC_ARC = YES;
				CLANG_WARN_BOOL_CONVERSION = YES;
				CLANG_WARN_CONSTANT_CONVERSION = YES;
				CLANG_WARN_DIRECT_OBJC_ISA_USAGE = YES_ERROR;
				CLANG_WARN_EMPTY_BODY = YES;
				CLANG_WARN_ENUM_CONVERSION = YES;
				CLANG_WARN_INT_CONVERSION = YES;
				CLANG_WARN_OBJC_ROOT_CLASS = YES_ERROR;
				CLANG_WARN_UNREACHABLE_CODE = YES;
				CLANG_WARN__DUPLICATE_METHOD_MATCH = YES;
				"CODE_SIGN_IDENTITY[sdk=iphoneos*]" = "iPhone Developer";
				COPY_PHASE_STRIP = NO;
				DEBUG_INFORMATION_FORMAT = "dwarf-with-dsym";
				ENABLE_NS_ASSERTIONS = NO;
				ENABLE_STRICT_OBJC_MSGSEND = YES;
				GCC_C_LANGUAGE_STANDARD = gnu99;
				GCC_NO_COMMON_BLOCKS = YES;
				GCC_WARN_64_TO_32_BIT_CONVERSION = YES;
				GCC_WARN_ABOUT_RETURN_TYPE = YES_ERROR;
				GCC_WARN_UNDECLARED_SELECTOR = YES;
				GCC_WARN_UNINITIALIZED_AUTOS = YES_AGGRESSIVE;
				GCC_WARN_UNUSED_FUNCTION = YES;
				GCC_WARN_UNUSED_VARIABLE = YES;
				IPHONEOS_DEPLOYMENT_TARGET = 9.1;
				MTL_ENABLE_DEBUG_INFO = NO;
				SDKROOT = iphoneos;
				VALIDATE_PRODUCT = YES;
			};
			name = Release;
		};
		9B69BE671C120BB700841D12 /* Debug */ = {
			isa = XCBuildConfiguration;
			baseConfigurationReference = 76169F97B8E8CD08901343B3 /* Pods.debug.xcconfig */;
			buildSettings = {
				ASSETCATALOG_COMPILER_APPICON_NAME = AppIcon;
				CODE_SIGN_IDENTITY = "iPhone Developer";
				INFOPLIST_FILE = Jukebox/Info.plist;
				LD_RUNPATH_SEARCH_PATHS = "$(inherited) @executable_path/Frameworks";
				PRODUCT_BUNDLE_IDENTIFIER = io.pivotal.Jukebox;
				PRODUCT_NAME = "$(TARGET_NAME)";
			};
			name = Debug;
		};
		9B69BE681C120BB700841D12 /* Release */ = {
			isa = XCBuildConfiguration;
			baseConfigurationReference = E2F2C5988155495D838A6562 /* Pods.release.xcconfig */;
			buildSettings = {
				ASSETCATALOG_COMPILER_APPICON_NAME = AppIcon;
				CODE_SIGN_IDENTITY = "iPhone Developer";
				INFOPLIST_FILE = Jukebox/Info.plist;
				LD_RUNPATH_SEARCH_PATHS = "$(inherited) @executable_path/Frameworks";
				PRODUCT_BUNDLE_IDENTIFIER = io.pivotal.Jukebox;
				PRODUCT_NAME = "$(TARGET_NAME)";
			};
			name = Release;
		};
/* End XCBuildConfiguration section */

/* Begin XCConfigurationList section */
		9B69BE441C120BB700841D12 /* Build configuration list for PBXProject "Jukebox" */ = {
			isa = XCConfigurationList;
			buildConfigurations = (
				9B69BE641C120BB700841D12 /* Debug */,
				9B69BE651C120BB700841D12 /* Release */,
			);
			defaultConfigurationIsVisible = 0;
			defaultConfigurationName = Release;
		};
		9B69BE661C120BB700841D12 /* Build configuration list for PBXNativeTarget "Jukebox" */ = {
			isa = XCConfigurationList;
			buildConfigurations = (
				9B69BE671C120BB700841D12 /* Debug */,
				9B69BE681C120BB700841D12 /* Release */,
			);
			defaultConfigurationIsVisible = 0;
			defaultConfigurationName = Release;
		};
/* End XCConfigurationList section */
	};
	rootObject = 9B69BE411C120BB700841D12 /* Project object */;
}
